// !$*UTF8*$!
{
	archiveVersion = 1;
	classes = {
	};
	objectVersion = 46;
	objects = {

/* Begin PBXBuildFile section */
		C7179C1319AAB1040097E311 /* main.m in Sources */ = {isa = PBXBuildFile; fileRef = C7179C1219AAB1040097E311 /* main.m */; };
		C7179C1619AAB1040097E311 /* AppDelegate.m in Sources */ = {isa = PBXBuildFile; fileRef = C7179C1519AAB1040097E311 /* AppDelegate.m */; };
		C7179C1C19AAB1040097E311 /* Main.storyboard in Resources */ = {isa = PBXBuildFile; fileRef = C7179C1A19AAB1040097E311 /* Main.storyboard */; };
		C7179C1E19AAB1040097E311 /* Images.xcassets in Resources */ = {isa = PBXBuildFile; fileRef = C7179C1D19AAB1040097E311 /* Images.xcassets */; };
		C7179C2A19AAB1040097E311 /* TradeTrackTests.m in Sources */ = {isa = PBXBuildFile; fileRef = C7179C2919AAB1040097E311 /* TradeTrackTests.m */; };
		C7179C3519AAB2640097E311 /* MainViewController.m in Sources */ = {isa = PBXBuildFile; fileRef = C7179C3419AAB2640097E311 /* MainViewController.m */; };
		C7179C3919AAB5540097E311 /* MasterTableViewController.m in Sources */ = {isa = PBXBuildFile; fileRef = C7179C3819AAB5540097E311 /* MasterTableViewController.m */; };
		C7179C3C19AAB57E0097E311 /* DetailViewController.m in Sources */ = {isa = PBXBuildFile; fileRef = C7179C3B19AAB57E0097E311 /* DetailViewController.m */; };
		C74FAF3F19ADCCC500BAD0F6 /* GlobalState.m in Sources */ = {isa = PBXBuildFile; fileRef = C74FAF3E19ADCCC500BAD0F6 /* GlobalState.m */; };
		C74FAF4119ADCCF000BAD0F6 /* Media.xcassets in Resources */ = {isa = PBXBuildFile; fileRef = C74FAF4019ADCCF000BAD0F6 /* Media.xcassets */; };
/* End PBXBuildFile section */

/* Begin PBXContainerItemProxy section */
		C7179C2419AAB1040097E311 /* PBXContainerItemProxy */ = {
			isa = PBXContainerItemProxy;
			containerPortal = C7179C0519AAB1040097E311 /* Project object */;
			proxyType = 1;
			remoteGlobalIDString = C7179C0C19AAB1040097E311;
			remoteInfo = TradeTrack;
		};
/* End PBXContainerItemProxy section */

/* Begin PBXFileReference section */
		C7179C0D19AAB1040097E311 /* TradeTrack.app */ = {isa = PBXFileReference; explicitFileType = wrapper.application; includeInIndex = 0; path = TradeTrack.app; sourceTree = BUILT_PRODUCTS_DIR; };
		C7179C1119AAB1040097E311 /* Info.plist */ = {isa = PBXFileReference; lastKnownFileType = text.plist.xml; path = Info.plist; sourceTree = "<group>"; };
		C7179C1219AAB1040097E311 /* main.m */ = {isa = PBXFileReference; lastKnownFileType = sourcecode.c.objc; path = main.m; sourceTree = "<group>"; };
		C7179C1419AAB1040097E311 /* AppDelegate.h */ = {isa = PBXFileReference; lastKnownFileType = sourcecode.c.h; path = AppDelegate.h; sourceTree = "<group>"; };
		C7179C1519AAB1040097E311 /* AppDelegate.m */ = {isa = PBXFileReference; lastKnownFileType = sourcecode.c.objc; path = AppDelegate.m; sourceTree = "<group>"; };
		C7179C1B19AAB1040097E311 /* Base */ = {isa = PBXFileReference; lastKnownFileType = file.storyboard; name = Base; path = Base.lproj/Main.storyboard; sourceTree = "<group>"; };
		C7179C1D19AAB1040097E311 /* Images.xcassets */ = {isa = PBXFileReference; lastKnownFileType = folder.assetcatalog; path = Images.xcassets; sourceTree = "<group>"; };
		C7179C2319AAB1040097E311 /* TradeTrackTests.xctest */ = {isa = PBXFileReference; explicitFileType = wrapper.cfbundle; includeInIndex = 0; path = TradeTrackTests.xctest; sourceTree = BUILT_PRODUCTS_DIR; };
		C7179C2819AAB1040097E311 /* Info.plist */ = {isa = PBXFileReference; lastKnownFileType = text.plist.xml; path = Info.plist; sourceTree = "<group>"; };
		C7179C2919AAB1040097E311 /* TradeTrackTests.m */ = {isa = PBXFileReference; lastKnownFileType = sourcecode.c.objc; path = TradeTrackTests.m; sourceTree = "<group>"; };
		C7179C3319AAB2640097E311 /* MainViewController.h */ = {isa = PBXFileReference; fileEncoding = 4; lastKnownFileType = sourcecode.c.h; name = MainViewController.h; path = Controllers/MainViewController.h; sourceTree = "<group>"; };
		C7179C3419AAB2640097E311 /* MainViewController.m */ = {isa = PBXFileReference; fileEncoding = 4; lastKnownFileType = sourcecode.c.objc; name = MainViewController.m; path = Controllers/MainViewController.m; sourceTree = "<group>"; };
		C7179C3719AAB5540097E311 /* MasterTableViewController.h */ = {isa = PBXFileReference; fileEncoding = 4; lastKnownFileType = sourcecode.c.h; name = MasterTableViewController.h; path = Controllers/MasterTableViewController.h; sourceTree = "<group>"; };
		C7179C3819AAB5540097E311 /* MasterTableViewController.m */ = {isa = PBXFileReference; fileEncoding = 4; lastKnownFileType = sourcecode.c.objc; name = MasterTableViewController.m; path = Controllers/MasterTableViewController.m; sourceTree = "<group>"; };
		C7179C3A19AAB57E0097E311 /* DetailViewController.h */ = {isa = PBXFileReference; fileEncoding = 4; lastKnownFileType = sourcecode.c.h; name = DetailViewController.h; path = Controllers/DetailViewController.h; sourceTree = "<group>"; };
		C7179C3B19AAB57E0097E311 /* DetailViewController.m */ = {isa = PBXFileReference; fileEncoding = 4; lastKnownFileType = sourcecode.c.objc; name = DetailViewController.m; path = Controllers/DetailViewController.m; sourceTree = "<group>"; };
		C74FAF3D19ADCCC500BAD0F6 /* GlobalState.h */ = {isa = PBXFileReference; fileEncoding = 4; lastKnownFileType = sourcecode.c.h; name = GlobalState.h; path = Models/GlobalState.h; sourceTree = "<group>"; };
		C74FAF3E19ADCCC500BAD0F6 /* GlobalState.m */ = {isa = PBXFileReference; fileEncoding = 4; lastKnownFileType = sourcecode.c.objc; name = GlobalState.m; path = Models/GlobalState.m; sourceTree = "<group>"; };
		C74FAF4019ADCCF000BAD0F6 /* Media.xcassets */ = {isa = PBXFileReference; lastKnownFileType = folder.assetcatalog; name = Media.xcassets; path = Views/Media.xcassets; sourceTree = "<group>"; };
/* End PBXFileReference section */

/* Begin PBXFrameworksBuildPhase section */
		C7179C0A19AAB1040097E311 /* Frameworks */ = {
			isa = PBXFrameworksBuildPhase;
			buildActionMask = 2147483647;
			files = (
			);
			runOnlyForDeploymentPostprocessing = 0;
		};
		C7179C2019AAB1040097E311 /* Frameworks */ = {
			isa = PBXFrameworksBuildPhase;
			buildActionMask = 2147483647;
			files = (
			);
			runOnlyForDeploymentPostprocessing = 0;
		};
/* End PBXFrameworksBuildPhase section */

/* Begin PBXGroup section */
		C7179C0419AAB1040097E311 = {
			isa = PBXGroup;
			children = (
				C7179C0F19AAB1040097E311 /* TradeTrack */,
				C7179C2619AAB1040097E311 /* TradeTrackTests */,
				C7179C0E19AAB1040097E311 /* Products */,
			);
			sourceTree = "<group>";
		};
		C7179C0E19AAB1040097E311 /* Products */ = {
			isa = PBXGroup;
			children = (
				C7179C0D19AAB1040097E311 /* TradeTrack.app */,
				C7179C2319AAB1040097E311 /* TradeTrackTests.xctest */,
			);
			name = Products;
			sourceTree = "<group>";
		};
		C7179C0F19AAB1040097E311 /* TradeTrack */ = {
			isa = PBXGroup;
			children = (
				C7DCC78319AB48F7007D21AD /* Models */,
				C7179C3D19AAB6E50097E311 /* Views */,
				C7179C3619AAB26F0097E311 /* Controllers */,
				C7179C1019AAB1040097E311 /* Supporting Files */,
			);
			path = TradeTrack;
			sourceTree = "<group>";
		};
		C7179C1019AAB1040097E311 /* Supporting Files */ = {
			isa = PBXGroup;
			children = (
				C7179C1D19AAB1040097E311 /* Images.xcassets */,
				C7179C1419AAB1040097E311 /* AppDelegate.h */,
				C7179C1519AAB1040097E311 /* AppDelegate.m */,
				C7179C1119AAB1040097E311 /* Info.plist */,
				C7179C1219AAB1040097E311 /* main.m */,
			);
			name = "Supporting Files";
			sourceTree = "<group>";
		};
		C7179C2619AAB1040097E311 /* TradeTrackTests */ = {
			isa = PBXGroup;
			children = (
				C7179C2919AAB1040097E311 /* TradeTrackTests.m */,
				C7179C2719AAB1040097E311 /* Supporting Files */,
			);
			path = TradeTrackTests;
			sourceTree = "<group>";
		};
		C7179C2719AAB1040097E311 /* Supporting Files */ = {
			isa = PBXGroup;
			children = (
				C7179C2819AAB1040097E311 /* Info.plist */,
			);
			name = "Supporting Files";
			sourceTree = "<group>";
		};
		C7179C3619AAB26F0097E311 /* Controllers */ = {
			isa = PBXGroup;
			children = (
				C7179C3A19AAB57E0097E311 /* DetailViewController.h */,
				C7179C3B19AAB57E0097E311 /* DetailViewController.m */,
				C7179C3719AAB5540097E311 /* MasterTableViewController.h */,
				C7179C3819AAB5540097E311 /* MasterTableViewController.m */,
				C7179C3319AAB2640097E311 /* MainViewController.h */,
				C7179C3419AAB2640097E311 /* MainViewController.m */,
			);
			name = Controllers;
			sourceTree = "<group>";
		};
		C7179C3D19AAB6E50097E311 /* Views */ = {
			isa = PBXGroup;
			children = (
				C74FAF4019ADCCF000BAD0F6 /* Media.xcassets */,
				C7179C1A19AAB1040097E311 /* Main.storyboard */,
			);
			name = Views;
			sourceTree = "<group>";
		};
		C7DCC78319AB48F7007D21AD /* Models */ = {
			isa = PBXGroup;
			children = (
				C74FAF3D19ADCCC500BAD0F6 /* GlobalState.h */,
				C74FAF3E19ADCCC500BAD0F6 /* GlobalState.m */,
			);
			name = Models;
			sourceTree = "<group>";
		};
/* End PBXGroup section */

/* Begin PBXNativeTarget section */
		C7179C0C19AAB1040097E311 /* TradeTrack */ = {
			isa = PBXNativeTarget;
			buildConfigurationList = C7179C2D19AAB1040097E311 /* Build configuration list for PBXNativeTarget "TradeTrack" */;
			buildPhases = (
				C7179C0919AAB1040097E311 /* Sources */,
				C7179C0A19AAB1040097E311 /* Frameworks */,
				C7179C0B19AAB1040097E311 /* Resources */,
			);
			buildRules = (
			);
			dependencies = (
			);
			name = TradeTrack;
			productName = TradeTrack;
			productReference = C7179C0D19AAB1040097E311 /* TradeTrack.app */;
			productType = "com.apple.product-type.application";
		};
		C7179C2219AAB1040097E311 /* TradeTrackTests */ = {
			isa = PBXNativeTarget;
			buildConfigurationList = C7179C3019AAB1040097E311 /* Build configuration list for PBXNativeTarget "TradeTrackTests" */;
			buildPhases = (
				C7179C1F19AAB1040097E311 /* Sources */,
				C7179C2019AAB1040097E311 /* Frameworks */,
				C7179C2119AAB1040097E311 /* Resources */,
			);
			buildRules = (
			);
			dependencies = (
				C7179C2519AAB1040097E311 /* PBXTargetDependency */,
			);
			name = TradeTrackTests;
			productName = TradeTrackTests;
			productReference = C7179C2319AAB1040097E311 /* TradeTrackTests.xctest */;
			productType = "com.apple.product-type.bundle.unit-test";
		};
/* End PBXNativeTarget section */

/* Begin PBXProject section */
		C7179C0519AAB1040097E311 /* Project object */ = {
			isa = PBXProject;
			attributes = {
				LastUpgradeCheck = 0600;
				ORGANIZATIONNAME = "Rich Wilkie";
				TargetAttributes = {
					C7179C0C19AAB1040097E311 = {
						CreatedOnToolsVersion = 6.0;
					};
					C7179C2219AAB1040097E311 = {
						CreatedOnToolsVersion = 6.0;
						TestTargetID = C7179C0C19AAB1040097E311;
					};
				};
			};
			buildConfigurationList = C7179C0819AAB1040097E311 /* Build configuration list for PBXProject "TradeTrack" */;
			compatibilityVersion = "Xcode 3.2";
			developmentRegion = English;
			hasScannedForEncodings = 0;
			knownRegions = (
				en,
				Base,
			);
			mainGroup = C7179C0419AAB1040097E311;
			productRefGroup = C7179C0E19AAB1040097E311 /* Products */;
			projectDirPath = "";
			projectRoot = "";
			targets = (
				C7179C0C19AAB1040097E311 /* TradeTrack */,
				C7179C2219AAB1040097E311 /* TradeTrackTests */,
			);
		};
/* End PBXProject section */

/* Begin PBXResourcesBuildPhase section */
		C7179C0B19AAB1040097E311 /* Resources */ = {
			isa = PBXResourcesBuildPhase;
			buildActionMask = 2147483647;
			files = (
				C7179C1C19AAB1040097E311 /* Main.storyboard in Resources */,
				C74FAF4119ADCCF000BAD0F6 /* Media.xcassets in Resources */,
				C7179C1E19AAB1040097E311 /* Images.xcassets in Resources */,
			);
			runOnlyForDeploymentPostprocessing = 0;
		};
		C7179C2119AAB1040097E311 /* Resources */ = {
			isa = PBXResourcesBuildPhase;
			buildActionMask = 2147483647;
			files = (
			);
			runOnlyForDeploymentPostprocessing = 0;
		};
/* End PBXResourcesBuildPhase section */

/* Begin PBXSourcesBuildPhase section */
		C7179C0919AAB1040097E311 /* Sources */ = {
			isa = PBXSourcesBuildPhase;
			buildActionMask = 2147483647;
			files = (
				C7179C3C19AAB57E0097E311 /* DetailViewController.m in Sources */,
				C7179C1619AAB1040097E311 /* AppDelegate.m in Sources */,
				C74FAF3F19ADCCC500BAD0F6 /* GlobalState.m in Sources */,
				C7179C3919AAB5540097E311 /* MasterTableViewController.m in Sources */,
				C7179C3519AAB2640097E311 /* MainViewController.m in Sources */,
				C7179C1319AAB1040097E311 /* main.m in Sources */,
			);
			runOnlyForDeploymentPostprocessing = 0;
		};
		C7179C1F19AAB1040097E311 /* Sources */ = {
			isa = PBXSourcesBuildPhase;
			buildActionMask = 2147483647;
			files = (
				C7179C2A19AAB1040097E311 /* TradeTrackTests.m in Sources */,
			);
			runOnlyForDeploymentPostprocessing = 0;
		};
/* End PBXSourcesBuildPhase section */

/* Begin PBXTargetDependency section */
		C7179C2519AAB1040097E311 /* PBXTargetDependency */ = {
			isa = PBXTargetDependency;
			target = C7179C0C19AAB1040097E311 /* TradeTrack */;
			targetProxy = C7179C2419AAB1040097E311 /* PBXContainerItemProxy */;
		};
/* End PBXTargetDependency section */

/* Begin PBXVariantGroup section */
		C7179C1A19AAB1040097E311 /* Main.storyboard */ = {
			isa = PBXVariantGroup;
			children = (
				C7179C1B19AAB1040097E311 /* Base */,
			);
			name = Main.storyboard;
			sourceTree = "<group>";
		};
/* End PBXVariantGroup section */

/* Begin XCBuildConfiguration section */
		C7179C2B19AAB1040097E311 /* Debug */ = {
			isa = XCBuildConfiguration;
			buildSettings = {
				ALWAYS_SEARCH_USER_PATHS = NO;
				CLANG_CXX_LANGUAGE_STANDARD = "gnu++0x";
				CLANG_CXX_LIBRARY = "libc++";
				CLANG_ENABLE_MODULES = YES;
				CLANG_ENABLE_OBJC_ARC = YES;
				CLANG_WARN_BOOL_CONVERSION = YES;
				CLANG_WARN_CONSTANT_CONVERSION = YES;
				CLANG_WARN_DIRECT_OBJC_ISA_USAGE = YES_ERROR;
				CLANG_WARN_EMPTY_BODY = YES;
				CLANG_WARN_ENUM_CONVERSION = YES;
				CLANG_WARN_INT_CONVERSION = YES;
				CLANG_WARN_OBJC_ROOT_CLASS = YES_ERROR;
				CLANG_WARN_UNREACHABLE_CODE = YES;
				CLANG_WARN__DUPLICATE_METHOD_MATCH = YES;
				"CODE_SIGN_IDENTITY[sdk=iphoneos*]" = "iPhone Developer";
				COPY_PHASE_STRIP = NO;
				ENABLE_STRICT_OBJC_MSGSEND = YES;
				GCC_C_LANGUAGE_STANDARD = gnu99;
				GCC_DYNAMIC_NO_PIC = NO;
				GCC_OPTIMIZATION_LEVEL = 0;
				GCC_PREPROCESSOR_DEFINITIONS = (
					"DEBUG=1",
					"$(inherited)",
				);
				GCC_SYMBOLS_PRIVATE_EXTERN = NO;
				GCC_WARN_64_TO_32_BIT_CONVERSION = YES;
				GCC_WARN_ABOUT_RETURN_TYPE = YES_ERROR;
				GCC_WARN_UNDECLARED_SELECTOR = YES;
				GCC_WARN_UNINITIALIZED_AUTOS = YES_AGGRESSIVE;
				GCC_WARN_UNUSED_FUNCTION = YES;
				GCC_WARN_UNUSED_VARIABLE = YES;
				IPHONEOS_DEPLOYMENT_TARGET = 8.0;
				MTL_ENABLE_DEBUG_INFO = YES;
				ONLY_ACTIVE_ARCH = YES;
				SDKROOT = iphoneos;
				TARGETED_DEVICE_FAMILY = 2;
			};
			name = Debug;
		};
		C7179C2C19AAB1040097E311 /* Release */ = {
			isa = XCBuildConfiguration;
			buildSettings = {
				ALWAYS_SEARCH_USER_PATHS = NO;
				CLANG_CXX_LANGUAGE_STANDARD = "gnu++0x";
				CLANG_CXX_LIBRARY = "libc++";
				CLANG_ENABLE_MODULES = YES;
				CLANG_ENABLE_OBJC_ARC = YES;
				CLANG_WARN_BOOL_CONVERSION = YES;
				CLANG_WARN_CONSTANT_CONVERSION = YES;
				CLANG_WARN_DIRECT_OBJC_ISA_USAGE = YES_ERROR;
				CLANG_WARN_EMPTY_BODY = YES;
				CLANG_WARN_ENUM_CONVERSION = YES;
				CLANG_WARN_INT_CONVERSION = YES;
				CLANG_WARN_OBJC_ROOT_CLASS = YES_ERROR;
				CLANG_WARN_UNREACHABLE_CODE = YES;
				CLANG_WARN__DUPLICATE_METHOD_MATCH = YES;
				"CODE_SIGN_IDENTITY[sdk=iphoneos*]" = "iPhone Developer";
				COPY_PHASE_STRIP = YES;
				ENABLE_NS_ASSERTIONS = NO;
				ENABLE_STRICT_OBJC_MSGSEND = YES;
				GCC_C_LANGUAGE_STANDARD = gnu99;
				GCC_WARN_64_TO_32_BIT_CONVERSION = YES;
				GCC_WARN_ABOUT_RETURN_TYPE = YES_ERROR;
				GCC_WARN_UNDECLARED_SELECTOR = YES;
				GCC_WARN_UNINITIALIZED_AUTOS = YES_AGGRESSIVE;
				GCC_WARN_UNUSED_FUNCTION = YES;
				GCC_WARN_UNUSED_VARIABLE = YES;
				IPHONEOS_DEPLOYMENT_TARGET = 8.0;
				MTL_ENABLE_DEBUG_INFO = NO;
				SDKROOT = iphoneos;
				TARGETED_DEVICE_FAMILY = 2;
				VALIDATE_PRODUCT = YES;
			};
			name = Release;
		};
		C7179C2E19AAB1040097E311 /* Debug */ = {
			isa = XCBuildConfiguration;
			buildSettings = {
				ASSETCATALOG_COMPILER_APPICON_NAME = AppIcon;
				ASSETCATALOG_COMPILER_LAUNCHIMAGE_NAME = LaunchImage;
				CODE_SIGN_IDENTITY = "iPhone Developer";
				INFOPLIST_FILE = TradeTrack/Info.plist;
				LD_RUNPATH_SEARCH_PATHS = "$(inherited) @executable_path/Frameworks";
				PRODUCT_NAME = "$(TARGET_NAME)";
			};
			name = Debug;
		};
		C7179C2F19AAB1040097E311 /* Release */ = {
			isa = XCBuildConfiguration;
			buildSettings = {
				ASSETCATALOG_COMPILER_APPICON_NAME = AppIcon;
				ASSETCATALOG_COMPILER_LAUNCHIMAGE_NAME = LaunchImage;
				CODE_SIGN_IDENTITY = "iPhone Developer";
				INFOPLIST_FILE = TradeTrack/Info.plist;
				LD_RUNPATH_SEARCH_PATHS = "$(inherited) @executable_path/Frameworks";
				PRODUCT_NAME = "$(TARGET_NAME)";
			};
			name = Release;
		};
		C7179C3119AAB1040097E311 /* Debug */ = {
			isa = XCBuildConfiguration;
			buildSettings = {
				BUNDLE_LOADER = "$(TEST_HOST)";
				FRAMEWORK_SEARCH_PATHS = (
					"$(SDKROOT)/Developer/Library/Frameworks",
					"$(inherited)",
				);
				GCC_PREPROCESSOR_DEFINITIONS = (
					"DEBUG=1",
					"$(inherited)",
				);
				INFOPLIST_FILE = TradeTrackTests/Info.plist;
				LD_RUNPATH_SEARCH_PATHS = "$(inherited) @executable_path/Frameworks @loader_path/Frameworks";
				PRODUCT_NAME = "$(TARGET_NAME)";
				TEST_HOST = "$(BUILT_PRODUCTS_DIR)/TradeTrack.app/TradeTrack";
			};
			name = Debug;
		};
		C7179C3219AAB1040097E311 /* Release */ = {
			isa = XCBuildConfiguration;
			buildSettings = {
				BUNDLE_LOADER = "$(TEST_HOST)";
				FRAMEWORK_SEARCH_PATHS = (
					"$(SDKROOT)/Developer/Library/Frameworks",
					"$(inherited)",
				);
				INFOPLIST_FILE = TradeTrackTests/Info.plist;
				LD_RUNPATH_SEARCH_PATHS = "$(inherited) @executable_path/Frameworks @loader_path/Frameworks";
				PRODUCT_NAME = "$(TARGET_NAME)";
				TEST_HOST = "$(BUILT_PRODUCTS_DIR)/TradeTrack.app/TradeTrack";
			};
			name = Release;
		};
/* End XCBuildConfiguration section */

/* Begin XCConfigurationList section */
		C7179C0819AAB1040097E311 /* Build configuration list for PBXProject "TradeTrack" */ = {
			isa = XCConfigurationList;
			buildConfigurations = (
				C7179C2B19AAB1040097E311 /* Debug */,
				C7179C2C19AAB1040097E311 /* Release */,
			);
			defaultConfigurationIsVisible = 0;
			defaultConfigurationName = Release;
		};
		C7179C2D19AAB1040097E311 /* Build configuration list for PBXNativeTarget "TradeTrack" */ = {
			isa = XCConfigurationList;
			buildConfigurations = (
				C7179C2E19AAB1040097E311 /* Debug */,
				C7179C2F19AAB1040097E311 /* Release */,
			);
			defaultConfigurationIsVisible = 0;
			defaultConfigurationName = Release;
		};
		C7179C3019AAB1040097E311 /* Build configuration list for PBXNativeTarget "TradeTrackTests" */ = {
			isa = XCConfigurationList;
			buildConfigurations = (
				C7179C3119AAB1040097E311 /* Debug */,
				C7179C3219AAB1040097E311 /* Release */,
			);
			defaultConfigurationIsVisible = 0;
			defaultConfigurationName = Release;
		};
/* End XCConfigurationList section */
	};
	rootObject = C7179C0519AAB1040097E311 /* Project object */;
}
